
Microsoft Visual Studio Solution File, Format Version 12.00
# Visual Studio Version 17
VisualStudioVersion = 17.7.34003.232
MinimumVisualStudioVersion = 10.0.40219.1
Project("{FAE04EC0-301F-11D3-BF4B-00C04F79EFBC}") = "GlobalExceptionHandler", "GlobalExceptionHandler\GlobalExceptionHandler.csproj", "{EAB3BAF3-2A8A-4230-A9BE-B7268A87DF74}"
EndProject
Global
	GlobalSection(SolutionConfigurationPlatforms) = preSolution
		Debug|Any CPU = Debug|Any CPU
		Release|Any CPU = Release|Any CPU
	EndGlobalSection
	GlobalSection(ProjectConfigurationPlatforms) = postSolution
		{EAB3BAF3-2A8A-4230-A9BE-B7268A87DF74}.Debug|Any CPU.ActiveCfg = Debug|Any CPU
		{EAB3BAF3-2A8A-4230-A9BE-B7268A87DF74}.Debug|Any CPU.Build.0 = Debug|Any CPU
		{EAB3BAF3-2A8A-4230-A9BE-B7268A87DF74}.Release|Any CPU.ActiveCfg = Release|Any CPU
		{EAB3BAF3-2A8A-4230-A9BE-B7268A87DF74}.Release|Any CPU.Build.0 = Release|Any CPU
	EndGlobalSection
	GlobalSection(SolutionProperties) = preSolution
		HideSolutionNode = FALSE
	EndGlobalSection
	GlobalSection(ExtensibilityGlobals) = postSolution
		SolutionGuid = {05049A01-F55F-48B9-BA67-F21118A2F049}
	EndGlobalSection
EndGlobal
